
Microsoft Visual Studio Solution File, Format Version 12.00
# Visual Studio 15
VisualStudioVersion = 15.0.27130.2010
MinimumVisualStudioVersion = 10.0.40219.1
Project("{FAE04EC0-301F-11D3-BF4B-00C04F79EFBC}") = "BTPA01", "BTPA01\BTPA01.csproj", "{27BF7C25-9CA8-488D-A6D5-F2D2AF0FAD13}"
EndProject
Global
	GlobalSection(SolutionConfigurationPlatforms) = preSolution
		Debug|Any CPU = Debug|Any CPU
		Release|Any CPU = Release|Any CPU
	EndGlobalSection
	GlobalSection(ProjectConfigurationPlatforms) = postSolution
		{27BF7C25-9CA8-488D-A6D5-F2D2AF0FAD13}.Debug|Any CPU.ActiveCfg = Debug|Any CPU
		{27BF7C25-9CA8-488D-A6D5-F2D2AF0FAD13}.Debug|Any CPU.Build.0 = Debug|Any CPU
		{27BF7C25-9CA8-488D-A6D5-F2D2AF0FAD13}.Release|Any CPU.ActiveCfg = Release|Any CPU
		{27BF7C25-9CA8-488D-A6D5-F2D2AF0FAD13}.Release|Any CPU.Build.0 = Release|Any CPU
	EndGlobalSection
	GlobalSection(SolutionProperties) = preSolution
		HideSolutionNode = FALSE
	EndGlobalSection
	GlobalSection(ExtensibilityGlobals) = postSolution
		SolutionGuid = {78B82B75-488A-4F94-AD12-253F6396ED17}
	EndGlobalSection
EndGlobal
